// !$*UTF8*$!
{
	archiveVersion = 1;
	classes = {
	};
	objectVersion = 56;
	objects = {

/* Begin PBXBuildFile section */
		678634D02A7BF65D008B3FA0 /* ViewController.swift in Sources */ = {isa = PBXBuildFile; fileRef = 678634CF2A7BF65D008B3FA0 /* ViewController.swift */; };
		678634D52A7BF824008B3FA0 /* CarViewController.swift in Sources */ = {isa = PBXBuildFile; fileRef = 678634D32A7BF824008B3FA0 /* CarViewController.swift */; };
		678634DA2A7BFA05008B3FA0 /* CarModel.swift in Sources */ = {isa = PBXBuildFile; fileRef = 678634D92A7BFA05008B3FA0 /* CarModel.swift */; };
		678634DD2A7C023B008B3FA0 /* CarTableViewCell.swift in Sources */ = {isa = PBXBuildFile; fileRef = 678634DB2A7C023B008B3FA0 /* CarTableViewCell.swift */; };
		678634DE2A7C023B008B3FA0 /* CarTableViewCell.xib in Resources */ = {isa = PBXBuildFile; fileRef = 678634DC2A7C023B008B3FA0 /* CarTableViewCell.xib */; };
		67CF45912A7BE335003206B6 /* AppDelegate.swift in Sources */ = {isa = PBXBuildFile; fileRef = 67CF45902A7BE335003206B6 /* AppDelegate.swift */; };
		67CF459B2A7BE335003206B6 /* CarSearchApp.xcdatamodeld in Sources */ = {isa = PBXBuildFile; fileRef = 67CF45992A7BE335003206B6 /* CarSearchApp.xcdatamodeld */; };
		67CF459D2A7BE337003206B6 /* Assets.xcassets in Resources */ = {isa = PBXBuildFile; fileRef = 67CF459C2A7BE337003206B6 /* Assets.xcassets */; };
		67CF45A02A7BE337003206B6 /* LaunchScreen.storyboard in Resources */ = {isa = PBXBuildFile; fileRef = 67CF459E2A7BE337003206B6 /* LaunchScreen.storyboard */; };
/* End PBXBuildFile section */

/* Begin PBXFileReference section */
		678634CF2A7BF65D008B3FA0 /* ViewController.swift */ = {isa = PBXFileReference; lastKnownFileType = sourcecode.swift; path = ViewController.swift; sourceTree = "<group>"; };
		678634D32A7BF824008B3FA0 /* CarViewController.swift */ = {isa = PBXFileReference; lastKnownFileType = sourcecode.swift; path = CarViewController.swift; sourceTree = "<group>"; };
		678634D92A7BFA05008B3FA0 /* CarModel.swift */ = {isa = PBXFileReference; lastKnownFileType = sourcecode.swift; path = CarModel.swift; sourceTree = "<group>"; };
		678634DB2A7C023B008B3FA0 /* CarTableViewCell.swift */ = {isa = PBXFileReference; lastKnownFileType = sourcecode.swift; path = CarTableViewCell.swift; sourceTree = "<group>"; };
		678634DC2A7C023B008B3FA0 /* CarTableViewCell.xib */ = {isa = PBXFileReference; lastKnownFileType = file.xib; path = CarTableViewCell.xib; sourceTree = "<group>"; };
		67CF458D2A7BE335003206B6 /* CarSearchApp.app */ = {isa = PBXFileReference; explicitFileType = wrapper.application; includeInIndex = 0; path = CarSearchApp.app; sourceTree = BUILT_PRODUCTS_DIR; };
		67CF45902A7BE335003206B6 /* AppDelegate.swift */ = {isa = PBXFileReference; lastKnownFileType = sourcecode.swift; path = AppDelegate.swift; sourceTree = "<group>"; };
		67CF459A2A7BE335003206B6 /* CarSearchApp.xcdatamodel */ = {isa = PBXFileReference; lastKnownFileType = wrapper.xcdatamodel; path = CarSearchApp.xcdatamodel; sourceTree = "<group>"; };
		67CF459C2A7BE337003206B6 /* Assets.xcassets */ = {isa = PBXFileReference; lastKnownFileType = folder.assetcatalog; path = Assets.xcassets; sourceTree = "<group>"; };
		67CF459F2A7BE337003206B6 /* Base */ = {isa = PBXFileReference; lastKnownFileType = file.storyboard; name = Base; path = Base.lproj/LaunchScreen.storyboard; sourceTree = "<group>"; };
		67CF45A12A7BE337003206B6 /* Info.plist */ = {isa = PBXFileReference; lastKnownFileType = text.plist.xml; path = Info.plist; sourceTree = "<group>"; };
/* End PBXFileReference section */

/* Begin PBXFrameworksBuildPhase section */
		67CF458A2A7BE335003206B6 /* Frameworks */ = {
			isa = PBXFrameworksBuildPhase;
			buildActionMask = 2147483647;
			files = (
			);
			runOnlyForDeploymentPostprocessing = 0;
		};
/* End PBXFrameworksBuildPhase section */

/* Begin PBXGroup section */
		678634DF2A7C41C4008B3FA0 /* App */ = {
			isa = PBXGroup;
			children = (
				67CF45902A7BE335003206B6 /* AppDelegate.swift */,
				67CF45A12A7BE337003206B6 /* Info.plist */,
			);
			path = App;
			sourceTree = "<group>";
		};
		678634E02A7C41CF008B3FA0 /* ViewControllers */ = {
			isa = PBXGroup;
			children = (
				678634CF2A7BF65D008B3FA0 /* ViewController.swift */,
				678634D32A7BF824008B3FA0 /* CarViewController.swift */,
				678634DB2A7C023B008B3FA0 /* CarTableViewCell.swift */,
				678634DC2A7C023B008B3FA0 /* CarTableViewCell.xib */,
			);
			path = ViewControllers;
			sourceTree = "<group>";
		};
		678634E12A7C41DD008B3FA0 /* Models */ = {
			isa = PBXGroup;
			children = (
				678634D92A7BFA05008B3FA0 /* CarModel.swift */,
			);
			path = Models;
			sourceTree = "<group>";
		};
		678634E22A7C41E4008B3FA0 /* Sources */ = {
			isa = PBXGroup;
			children = (
				67CF459C2A7BE337003206B6 /* Assets.xcassets */,
			);
			path = Sources;
			sourceTree = "<group>";
		};
		678634E32A7C41F1008B3FA0 /* StoryBoards */ = {
			isa = PBXGroup;
			children = (
				67CF459E2A7BE337003206B6 /* LaunchScreen.storyboard */,
			);
			path = StoryBoards;
			sourceTree = "<group>";
		};
		67CF45842A7BE335003206B6 = {
			isa = PBXGroup;
			children = (
				67CF458F2A7BE335003206B6 /* CarSearchApp */,
				67CF458E2A7BE335003206B6 /* Products */,
			);
			sourceTree = "<group>";
		};
		67CF458E2A7BE335003206B6 /* Products */ = {
			isa = PBXGroup;
			children = (
				67CF458D2A7BE335003206B6 /* CarSearchApp.app */,
			);
			name = Products;
			sourceTree = "<group>";
		};
		67CF458F2A7BE335003206B6 /* CarSearchApp */ = {
			isa = PBXGroup;
			children = (
				678634E12A7C41DD008B3FA0 /* Models */,
				678634E02A7C41CF008B3FA0 /* ViewControllers */,
				678634DF2A7C41C4008B3FA0 /* App */,
				678634E32A7C41F1008B3FA0 /* StoryBoards */,
				678634E22A7C41E4008B3FA0 /* Sources */,
				67CF45992A7BE335003206B6 /* CarSearchApp.xcdatamodeld */,
			);
			path = CarSearchApp;
			sourceTree = "<group>";
		};
/* End PBXGroup section */

/* Begin PBXNativeTarget section */
		67CF458C2A7BE335003206B6 /* CarSearchApp */ = {
			isa = PBXNativeTarget;
			buildConfigurationList = 67CF45A42A7BE337003206B6 /* Build configuration list for PBXNativeTarget "CarSearchApp" */;
			buildPhases = (
				67CF45892A7BE335003206B6 /* Sources */,
				67CF458A2A7BE335003206B6 /* Frameworks */,
				67CF458B2A7BE335003206B6 /* Resources */,
			);
			buildRules = (
			);
			dependencies = (
			);
			name = CarSearchApp;
			productName = CarSearchApp;
			productReference = 67CF458D2A7BE335003206B6 /* CarSearchApp.app */;
			productType = "com.apple.product-type.application";
		};
/* End PBXNativeTarget section */

/* Begin PBXProject section */
		67CF45852A7BE335003206B6 /* Project object */ = {
			isa = PBXProject;
			attributes = {
				BuildIndependentTargetsInParallel = 1;
				LastSwiftUpdateCheck = 1430;
				LastUpgradeCheck = 1430;
				TargetAttributes = {
					67CF458C2A7BE335003206B6 = {
						CreatedOnToolsVersion = 14.3.1;
					};
				};
			};
			buildConfigurationList = 67CF45882A7BE335003206B6 /* Build configuration list for PBXProject "CarSearchApp" */;
			compatibilityVersion = "Xcode 14.0";
			developmentRegion = en;
			hasScannedForEncodings = 0;
			knownRegions = (
				en,
				Base,
			);
			mainGroup = 67CF45842A7BE335003206B6;
			productRefGroup = 67CF458E2A7BE335003206B6 /* Products */;
			projectDirPath = "";
			projectRoot = "";
			targets = (
				67CF458C2A7BE335003206B6 /* CarSearchApp */,
			);
		};
/* End PBXProject section */

/* Begin PBXResourcesBuildPhase section */
		67CF458B2A7BE335003206B6 /* Resources */ = {
			isa = PBXResourcesBuildPhase;
			buildActionMask = 2147483647;
			files = (
				678634DE2A7C023B008B3FA0 /* CarTableViewCell.xib in Resources */,
				67CF45A02A7BE337003206B6 /* LaunchScreen.storyboard in Resources */,
				67CF459D2A7BE337003206B6 /* Assets.xcassets in Resources */,
			);
			runOnlyForDeploymentPostprocessing = 0;
		};
/* End PBXResourcesBuildPhase section */

/* Begin PBXSourcesBuildPhase section */
		67CF45892A7BE335003206B6 /* Sources */ = {
			isa = PBXSourcesBuildPhase;
			buildActionMask = 2147483647;
			files = (
				678634D02A7BF65D008B3FA0 /* ViewController.swift in Sources */,
				678634DA2A7BFA05008B3FA0 /* CarModel.swift in Sources */,
				678634DD2A7C023B008B3FA0 /* CarTableViewCell.swift in Sources */,
				67CF45912A7BE335003206B6 /* AppDelegate.swift in Sources */,
				67CF459B2A7BE335003206B6 /* CarSearchApp.xcdatamodeld in Sources */,
				678634D52A7BF824008B3FA0 /* CarViewController.swift in Sources */,
			);
			runOnlyForDeploymentPostprocessing = 0;
		};
/* End PBXSourcesBuildPhase section */

/* Begin PBXVariantGroup section */
		67CF459E2A7BE337003206B6 /* LaunchScreen.storyboard */ = {
			isa = PBXVariantGroup;
			children = (
				67CF459F2A7BE337003206B6 /* Base */,
			);
			name = LaunchScreen.storyboard;
			sourceTree = "<group>";
		};
/* End PBXVariantGroup section */

/* Begin XCBuildConfiguration section */
		67CF45A22A7BE337003206B6 /* Debug */ = {
			isa = XCBuildConfiguration;
			buildSettings = {
				ALWAYS_SEARCH_USER_PATHS = NO;
				CLANG_ANALYZER_NONNULL = YES;
				CLANG_ANALYZER_NUMBER_OBJECT_CONVERSION = YES_AGGRESSIVE;
				CLANG_CXX_LANGUAGE_STANDARD = "gnu++20";
				CLANG_ENABLE_MODULES = YES;
				CLANG_ENABLE_OBJC_ARC = YES;
				CLANG_ENABLE_OBJC_WEAK = YES;
				CLANG_WARN_BLOCK_CAPTURE_AUTORELEASING = YES;
				CLANG_WARN_BOOL_CONVERSION = YES;
				CLANG_WARN_COMMA = YES;
				CLANG_WARN_CONSTANT_CONVERSION = YES;
				CLANG_WARN_DEPRECATED_OBJC_IMPLEMENTATIONS = YES;
				CLANG_WARN_DIRECT_OBJC_ISA_USAGE = YES_ERROR;
				CLANG_WARN_DOCUMENTATION_COMMENTS = YES;
				CLANG_WARN_EMPTY_BODY = YES;
				CLANG_WARN_ENUM_CONVERSION = YES;
				CLANG_WARN_INFINITE_RECURSION = YES;
				CLANG_WARN_INT_CONVERSION = YES;
				CLANG_WARN_NON_LITERAL_NULL_CONVERSION = YES;
				CLANG_WARN_OBJC_IMPLICIT_RETAIN_SELF = YES;
				CLANG_WARN_OBJC_LITERAL_CONVERSION = YES;
				CLANG_WARN_OBJC_ROOT_CLASS = YES_ERROR;
				CLANG_WARN_QUOTED_INCLUDE_IN_FRAMEWORK_HEADER = YES;
				CLANG_WARN_RANGE_LOOP_ANALYSIS = YES;
				CLANG_WARN_STRICT_PROTOTYPES = YES;
				CLANG_WARN_SUSPICIOUS_MOVE = YES;
				CLANG_WARN_UNGUARDED_AVAILABILITY = YES_AGGRESSIVE;
				CLANG_WARN_UNREACHABLE_CODE = YES;
				CLANG_WARN__DUPLICATE_METHOD_MATCH = YES;
				COPY_PHASE_STRIP = NO;
				DEBUG_INFORMATION_FORMAT = dwarf;
				ENABLE_STRICT_OBJC_MSGSEND = YES;
				ENABLE_TESTABILITY = YES;
				GCC_C_LANGUAGE_STANDARD = gnu11;
				GCC_DYNAMIC_NO_PIC = NO;
				GCC_NO_COMMON_BLOCKS = YES;
				GCC_OPTIMIZATION_LEVEL = 0;
				GCC_PREPROCESSOR_DEFINITIONS = (
					"DEBUG=1",
					"$(inherited)",
				);
				GCC_WARN_64_TO_32_BIT_CONVERSION = YES;
				GCC_WARN_ABOUT_RETURN_TYPE = YES_ERROR;
				GCC_WARN_UNDECLARED_SELECTOR = YES;
				GCC_WARN_UNINITIALIZED_AUTOS = YES_AGGRESSIVE;
				GCC_WARN_UNUSED_FUNCTION = YES;
				GCC_WARN_UNUSED_VARIABLE = YES;
				IPHONEOS_DEPLOYMENT_TARGET = 16.4;
				MTL_ENABLE_DEBUG_INFO = INCLUDE_SOURCE;
				MTL_FAST_MATH = YES;
				ONLY_ACTIVE_ARCH = YES;
				SDKROOT = iphoneos;
				SWIFT_ACTIVE_COMPILATION_CONDITIONS = DEBUG;
				SWIFT_OPTIMIZATION_LEVEL = "-Onone";
			};
			name = Debug;
		};
		67CF45A32A7BE337003206B6 /* Release */ = {
			isa = XCBuildConfiguration;
			buildSettings = {
				ALWAYS_SEARCH_USER_PATHS = NO;
				CLANG_ANALYZER_NONNULL = YES;
				CLANG_ANALYZER_NUMBER_OBJECT_CONVERSION = YES_AGGRESSIVE;
				CLANG_CXX_LANGUAGE_STANDARD = "gnu++20";
				CLANG_ENABLE_MODULES = YES;
				CLANG_ENABLE_OBJC_ARC = YES;
				CLANG_ENABLE_OBJC_WEAK = YES;
				CLANG_WARN_BLOCK_CAPTURE_AUTORELEASING = YES;
				CLANG_WARN_BOOL_CONVERSION = YES;
				CLANG_WARN_COMMA = YES;
				CLANG_WARN_CONSTANT_CONVERSION = YES;
				CLANG_WARN_DEPRECATED_OBJC_IMPLEMENTATIONS = YES;
				CLANG_WARN_DIRECT_OBJC_ISA_USAGE = YES_ERROR;
				CLANG_WARN_DOCUMENTATION_COMMENTS = YES;
				CLANG_WARN_EMPTY_BODY = YES;
				CLANG_WARN_ENUM_CONVERSION = YES;
				CLANG_WARN_INFINITE_RECURSION = YES;
				CLANG_WARN_INT_CONVERSION = YES;
				CLANG_WARN_NON_LITERAL_NULL_CONVERSION = YES;
				CLANG_WARN_OBJC_IMPLICIT_RETAIN_SELF = YES;
				CLANG_WARN_OBJC_LITERAL_CONVERSION = YES;
				CLANG_WARN_OBJC_ROOT_CLASS = YES_ERROR;
				CLANG_WARN_QUOTED_INCLUDE_IN_FRAMEWORK_HEADER = YES;
				CLANG_WARN_RANGE_LOOP_ANALYSIS = YES;
				CLANG_WARN_STRICT_PROTOTYPES = YES;
				CLANG_WARN_SUSPICIOUS_MOVE = YES;
				CLANG_WARN_UNGUARDED_AVAILABILITY = YES_AGGRESSIVE;
				CLANG_WARN_UNREACHABLE_CODE = YES;
				CLANG_WARN__DUPLICATE_METHOD_MATCH = YES;
				COPY_PHASE_STRIP = NO;
				DEBUG_INFORMATION_FORMAT = "dwarf-with-dsym";
				ENABLE_NS_ASSERTIONS = NO;
				ENABLE_STRICT_OBJC_MSGSEND = YES;
				GCC_C_LANGUAGE_STANDARD = gnu11;
				GCC_NO_COMMON_BLOCKS = YES;
				GCC_WARN_64_TO_32_BIT_CONVERSION = YES;
				GCC_WARN_ABOUT_RETURN_TYPE = YES_ERROR;
				GCC_WARN_UNDECLARED_SELECTOR = YES;
				GCC_WARN_UNINITIALIZED_AUTOS = YES_AGGRESSIVE;
				GCC_WARN_UNUSED_FUNCTION = YES;
				GCC_WARN_UNUSED_VARIABLE = YES;
				IPHONEOS_DEPLOYMENT_TARGET = 16.4;
				MTL_ENABLE_DEBUG_INFO = NO;
				MTL_FAST_MATH = YES;
				SDKROOT = iphoneos;
				SWIFT_COMPILATION_MODE = wholemodule;
				SWIFT_OPTIMIZATION_LEVEL = "-O";
				VALIDATE_PRODUCT = YES;
			};
			name = Release;
		};
		67CF45A52A7BE337003206B6 /* Debug */ = {
			isa = XCBuildConfiguration;
			buildSettings = {
				ASSETCATALOG_COMPILER_APPICON_NAME = AppIcon;
				ASSETCATALOG_COMPILER_GLOBAL_ACCENT_COLOR_NAME = AccentColor;
				CODE_SIGN_STYLE = Automatic;
				CURRENT_PROJECT_VERSION = 1;
				DEVELOPMENT_TEAM = T2HBBQ5KF9;
				GENERATE_INFOPLIST_FILE = YES;
				INFOPLIST_FILE = CarSearchApp/App/Info.plist;
				INFOPLIST_KEY_UIApplicationSupportsIndirectInputEvents = YES;
				INFOPLIST_KEY_UILaunchStoryboardName = LaunchScreen;
				INFOPLIST_KEY_UISupportedInterfaceOrientations = UIInterfaceOrientationPortrait;
				INFOPLIST_KEY_UISupportedInterfaceOrientations_iPad = "UIInterfaceOrientationLandscapeLeft UIInterfaceOrientationLandscapeRight UIInterfaceOrientationPortrait UIInterfaceOrientationPortraitUpsideDown";
				IPHONEOS_DEPLOYMENT_TARGET = 15.6;
				LD_RUNPATH_SEARCH_PATHS = (
					"$(inherited)",
					"@executable_path/Frameworks",
				);
				MARKETING_VERSION = 1.0;
				PRODUCT_BUNDLE_IDENTIFIER = com.home.CarSearchApp;
				PRODUCT_NAME = "$(TARGET_NAME)";
				SUPPORTED_PLATFORMS = "iphoneos iphonesimulator";
				SUPPORTS_MACCATALYST = NO;
				SUPPORTS_MAC_DESIGNED_FOR_IPHONE_IPAD = NO;
				SWIFT_EMIT_LOC_STRINGS = YES;
				SWIFT_VERSION = 5.0;
				TARGETED_DEVICE_FAMILY = 1;
			};
			name = Debug;
		};
		67CF45A62A7BE337003206B6 /* Release */ = {
			isa = XCBuildConfiguration;
			buildSettings = {
				ASSETCATALOG_COMPILER_APPICON_NAME = AppIcon;
				ASSETCATALOG_COMPILER_GLOBAL_ACCENT_COLOR_NAME = AccentColor;
				CODE_SIGN_STYLE = Automatic;
				CURRENT_PROJECT_VERSION = 1;
				DEVELOPMENT_TEAM = T2HBBQ5KF9;
				GENERATE_INFOPLIST_FILE = YES;
				INFOPLIST_FILE = CarSearchApp/App/Info.plist;
				INFOPLIST_KEY_UIApplicationSupportsIndirectInputEvents = YES;
				INFOPLIST_KEY_UILaunchStoryboardName = LaunchScreen;
				INFOPLIST_KEY_UISupportedInterfaceOrientations = UIInterfaceOrientationPortrait;
				INFOPLIST_KEY_UISupportedInterfaceOrientations_iPad = "UIInterfaceOrientationLandscapeLeft UIInterfaceOrientationLandscapeRight UIInterfaceOrientationPortrait UIInterfaceOrientationPortraitUpsideDown";
				IPHONEOS_DEPLOYMENT_TARGET = 15.6;
				LD_RUNPATH_SEARCH_PATHS = (
					"$(inherited)",
					"@executable_path/Frameworks",
				);
				MARKETING_VERSION = 1.0;
				PRODUCT_BUNDLE_IDENTIFIER = com.home.CarSearchApp;
				PRODUCT_NAME = "$(TARGET_NAME)";
				SUPPORTED_PLATFORMS = "iphoneos iphonesimulator";
				SUPPORTS_MACCATALYST = NO;
				SUPPORTS_MAC_DESIGNED_FOR_IPHONE_IPAD = NO;
				SWIFT_EMIT_LOC_STRINGS = YES;
				SWIFT_VERSION = 5.0;
				TARGETED_DEVICE_FAMILY = 1;
			};
			name = Release;
		};
/* End XCBuildConfiguration section */

/* Begin XCConfigurationList section */
		67CF45882A7BE335003206B6 /* Build configuration list for PBXProject "CarSearchApp" */ = {
			isa = XCConfigurationList;
			buildConfigurations = (
				67CF45A22A7BE337003206B6 /* Debug */,
				67CF45A32A7BE337003206B6 /* Release */,
			);
			defaultConfigurationIsVisible = 0;
			defaultConfigurationName = Release;
		};
		67CF45A42A7BE337003206B6 /* Build configuration list for PBXNativeTarget "CarSearchApp" */ = {
			isa = XCConfigurationList;
			buildConfigurations = (
				67CF45A52A7BE337003206B6 /* Debug */,
				67CF45A62A7BE337003206B6 /* Release */,
			);
			defaultConfigurationIsVisible = 0;
			defaultConfigurationName = Release;
		};
/* End XCConfigurationList section */

/* Begin XCVersionGroup section */
		67CF45992A7BE335003206B6 /* CarSearchApp.xcdatamodeld */ = {
			isa = XCVersionGroup;
			children = (
				67CF459A2A7BE335003206B6 /* CarSearchApp.xcdatamodel */,
			);
			currentVersion = 67CF459A2A7BE335003206B6 /* CarSearchApp.xcdatamodel */;
			path = CarSearchApp.xcdatamodeld;
			sourceTree = "<group>";
			versionGroupType = wrapper.xcdatamodel;
		};
/* End XCVersionGroup section */
	};
	rootObject = 67CF45852A7BE335003206B6 /* Project object */;
}
